
Microsoft Visual Studio Solution File, Format Version 12.00
# Visual Studio Version 17
VisualStudioVersion = 17.2.32630.192
MinimumVisualStudioVersion = 10.0.40219.1
Project("{FAE04EC0-301F-11D3-BF4B-00C04F79EFBC}") = "Bildschirmerfassung", "Bildschirmerfassung\Bildschirmerfassung.csproj", "{19C08DA5-1F94-4610-B057-9613994B24F9}"
EndProject
Global
	GlobalSection(SolutionConfigurationPlatforms) = preSolution
		Debug|Any CPU = Debug|Any CPU
		Release|Any CPU = Release|Any CPU
	EndGlobalSection
	GlobalSection(ProjectConfigurationPlatforms) = postSolution
		{19C08DA5-1F94-4610-B057-9613994B24F9}.Debug|Any CPU.ActiveCfg = Debug|Any CPU
		{19C08DA5-1F94-4610-B057-9613994B24F9}.Debug|Any CPU.Build.0 = Debug|Any CPU
		{19C08DA5-1F94-4610-B057-9613994B24F9}.Release|Any CPU.ActiveCfg = Release|Any CPU
		{19C08DA5-1F94-4610-B057-9613994B24F9}.Release|Any CPU.Build.0 = Release|Any CPU
	EndGlobalSection
	GlobalSection(SolutionProperties) = preSolution
		HideSolutionNode = FALSE
	EndGlobalSection
	GlobalSection(ExtensibilityGlobals) = postSolution
		SolutionGuid = {A07A495D-61A9-4967-8E6D-6998D96723F9}
	EndGlobalSection
EndGlobal
